
Microsoft Visual Studio Solution File, Format Version 12.00
# Visual Studio Version 17
VisualStudioVersion = 17.7.34031.279
MinimumVisualStudioVersion = 10.0.40219.1
Project("{9A19103F-16F7-4668-BE54-9A1E7A4F7556}") = "PALINO_IPT-102-Movies-main", "BSIT3L-Movies\PALINO_IPT-102-Movies-main.csproj", "{B734801F-671C-4585-9EDE-8D639CE4D6FC}"
EndProject
Global
	GlobalSection(SolutionConfigurationPlatforms) = preSolution
		Debug|Any CPU = Debug|Any CPU
		Release|Any CPU = Release|Any CPU
	EndGlobalSection
	GlobalSection(ProjectConfigurationPlatforms) = postSolution
		{B734801F-671C-4585-9EDE-8D639CE4D6FC}.Debug|Any CPU.ActiveCfg = Debug|Any CPU
		{B734801F-671C-4585-9EDE-8D639CE4D6FC}.Debug|Any CPU.Build.0 = Debug|Any CPU
		{B734801F-671C-4585-9EDE-8D639CE4D6FC}.Release|Any CPU.ActiveCfg = Release|Any CPU
		{B734801F-671C-4585-9EDE-8D639CE4D6FC}.Release|Any CPU.Build.0 = Release|Any CPU
	EndGlobalSection
	GlobalSection(SolutionProperties) = preSolution
		HideSolutionNode = FALSE
	EndGlobalSection
	GlobalSection(ExtensibilityGlobals) = postSolution
		SolutionGuid = {7F7F4ED4-6018-4AAC-8A95-4EB239420F29}
	EndGlobalSection
EndGlobal
